
Microsoft Visual Studio Solution File, Format Version 12.00
# Visual Studio Version 16
VisualStudioVersion = 16.0.30406.217
MinimumVisualStudioVersion = 10.0.40219.1
Project("{FAE04EC0-301F-11D3-BF4B-00C04F79EFBC}") = "MANAGER NETWORK DETECTOR™", "MANAGER NETWORK DETECTOR™\MANAGER NETWORK DETECTOR™.csproj", "{0B3C33E4-D947-44DB-86B2-741555213192}"
EndProject
Global
	GlobalSection(SolutionConfigurationPlatforms) = preSolution
		Debug|ARM = Debug|ARM
		Debug|ARM64 = Debug|ARM64
		Debug|x64 = Debug|x64
		Debug|x86 = Debug|x86
	EndGlobalSection
	GlobalSection(ProjectConfigurationPlatforms) = postSolution
		{0B3C33E4-D947-44DB-86B2-741555213192}.Debug|ARM.ActiveCfg = Debug|ARM
		{0B3C33E4-D947-44DB-86B2-741555213192}.Debug|ARM.Build.0 = Debug|ARM
		{0B3C33E4-D947-44DB-86B2-741555213192}.Debug|ARM.Deploy.0 = Debug|ARM
		{0B3C33E4-D947-44DB-86B2-741555213192}.Debug|ARM64.ActiveCfg = Debug|ARM64
		{0B3C33E4-D947-44DB-86B2-741555213192}.Debug|ARM64.Build.0 = Debug|ARM64
		{0B3C33E4-D947-44DB-86B2-741555213192}.Debug|ARM64.Deploy.0 = Debug|ARM64
		{0B3C33E4-D947-44DB-86B2-741555213192}.Debug|x64.ActiveCfg = Debug|x64
		{0B3C33E4-D947-44DB-86B2-741555213192}.Debug|x64.Build.0 = Debug|x64
		{0B3C33E4-D947-44DB-86B2-741555213192}.Debug|x64.Deploy.0 = Debug|x64
		{0B3C33E4-D947-44DB-86B2-741555213192}.Debug|x86.ActiveCfg = Debug|x86
		{0B3C33E4-D947-44DB-86B2-741555213192}.Debug|x86.Build.0 = Debug|x86
		{0B3C33E4-D947-44DB-86B2-741555213192}.Debug|x86.Deploy.0 = Debug|x86
	EndGlobalSection
	GlobalSection(SolutionProperties) = preSolution
		HideSolutionNode = FALSE
	EndGlobalSection
	GlobalSection(ExtensibilityGlobals) = postSolution
		SolutionGuid = {373A5C9B-3D97-4825-8BF1-1BA3B908C49E}
	EndGlobalSection
EndGlobal
